// !$*UTF8*$!
{
	archiveVersion = 1;
	classes = {
	};
	objectVersion = 56;
	objects = {

/* Begin PBXBuildFile section */
		18126BAA29F59BEE00EA63FA /* NetworkService.swift in Sources */ = {isa = PBXBuildFile; fileRef = 18126BA929F59BEE00EA63FA /* NetworkService.swift */; };
		18126BAD29F59C2700EA63FA /* APIErrorResponse.swift in Sources */ = {isa = PBXBuildFile; fileRef = 18126BAC29F59C2700EA63FA /* APIErrorResponse.swift */; };
		18126BB029F59C3900EA63FA /* NetworkRequest.swift in Sources */ = {isa = PBXBuildFile; fileRef = 18126BAE29F59C3900EA63FA /* NetworkRequest.swift */; };
		18126BB329F5A23700EA63FA /* HomeViewController.swift in Sources */ = {isa = PBXBuildFile; fileRef = 18126BB229F5A23700EA63FA /* HomeViewController.swift */; };
		182FE89429F5277200AE7635 /* AppDelegate.swift in Sources */ = {isa = PBXBuildFile; fileRef = 182FE89329F5277200AE7635 /* AppDelegate.swift */; };
		182FE89629F5277200AE7635 /* SceneDelegate.swift in Sources */ = {isa = PBXBuildFile; fileRef = 182FE89529F5277200AE7635 /* SceneDelegate.swift */; };
		182FE89829F5277200AE7635 /* LoginSignupViewController.swift in Sources */ = {isa = PBXBuildFile; fileRef = 182FE89729F5277200AE7635 /* LoginSignupViewController.swift */; };
		182FE89B29F5277200AE7635 /* Main.storyboard in Resources */ = {isa = PBXBuildFile; fileRef = 182FE89929F5277200AE7635 /* Main.storyboard */; };
		182FE89D29F5277300AE7635 /* Assets.xcassets in Resources */ = {isa = PBXBuildFile; fileRef = 182FE89C29F5277300AE7635 /* Assets.xcassets */; };
		182FE8A029F5277300AE7635 /* LaunchScreen.storyboard in Resources */ = {isa = PBXBuildFile; fileRef = 182FE89E29F5277300AE7635 /* LaunchScreen.storyboard */; };
		18964AC129F6DDA300F8223C /* LoginModel.swift in Sources */ = {isa = PBXBuildFile; fileRef = 18964AC029F6DDA300F8223C /* LoginModel.swift */; };
		B7EEEFF26E7F4F1C73308F85 /* Pods_24Task_ios.framework in Frameworks */ = {isa = PBXBuildFile; fileRef = 818EE92044F0F830A9A7BE68 /* Pods_24Task_ios.framework */; };
/* End PBXBuildFile section */

/* Begin PBXFileReference section */
		18126BA929F59BEE00EA63FA /* NetworkService.swift */ = {isa = PBXFileReference; lastKnownFileType = sourcecode.swift; path = NetworkService.swift; sourceTree = "<group>"; };
		18126BAC29F59C2700EA63FA /* APIErrorResponse.swift */ = {isa = PBXFileReference; fileEncoding = 4; lastKnownFileType = sourcecode.swift; path = APIErrorResponse.swift; sourceTree = "<group>"; };
		18126BAE29F59C3900EA63FA /* NetworkRequest.swift */ = {isa = PBXFileReference; fileEncoding = 4; lastKnownFileType = sourcecode.swift; path = NetworkRequest.swift; sourceTree = "<group>"; };
		18126BB229F5A23700EA63FA /* HomeViewController.swift */ = {isa = PBXFileReference; lastKnownFileType = sourcecode.swift; path = HomeViewController.swift; sourceTree = "<group>"; };
		182FE89029F5277200AE7635 /* 24Task-ios.app */ = {isa = PBXFileReference; explicitFileType = wrapper.application; includeInIndex = 0; path = "24Task-ios.app"; sourceTree = BUILT_PRODUCTS_DIR; };
		182FE89329F5277200AE7635 /* AppDelegate.swift */ = {isa = PBXFileReference; lastKnownFileType = sourcecode.swift; path = AppDelegate.swift; sourceTree = "<group>"; };
		182FE89529F5277200AE7635 /* SceneDelegate.swift */ = {isa = PBXFileReference; lastKnownFileType = sourcecode.swift; path = SceneDelegate.swift; sourceTree = "<group>"; };
		182FE89729F5277200AE7635 /* LoginSignupViewController.swift */ = {isa = PBXFileReference; lastKnownFileType = sourcecode.swift; path = LoginSignupViewController.swift; sourceTree = "<group>"; };
		182FE89A29F5277200AE7635 /* Base */ = {isa = PBXFileReference; lastKnownFileType = file.storyboard; name = Base; path = Base.lproj/Main.storyboard; sourceTree = "<group>"; };
		182FE89C29F5277300AE7635 /* Assets.xcassets */ = {isa = PBXFileReference; lastKnownFileType = folder.assetcatalog; path = Assets.xcassets; sourceTree = "<group>"; };
		182FE89F29F5277300AE7635 /* Base */ = {isa = PBXFileReference; lastKnownFileType = file.storyboard; name = Base; path = Base.lproj/LaunchScreen.storyboard; sourceTree = "<group>"; };
		182FE8A129F5277300AE7635 /* Info.plist */ = {isa = PBXFileReference; lastKnownFileType = text.plist.xml; path = Info.plist; sourceTree = "<group>"; };
		18964AC029F6DDA300F8223C /* LoginModel.swift */ = {isa = PBXFileReference; lastKnownFileType = sourcecode.swift; path = LoginModel.swift; sourceTree = "<group>"; };
		33EBAEF3284FCE6556052679 /* Pods-24Task-ios.debug.xcconfig */ = {isa = PBXFileReference; includeInIndex = 1; lastKnownFileType = text.xcconfig; name = "Pods-24Task-ios.debug.xcconfig"; path = "Target Support Files/Pods-24Task-ios/Pods-24Task-ios.debug.xcconfig"; sourceTree = "<group>"; };
		634778BCA6198A92D87F4DCD /* Pods-24Task-ios.release.xcconfig */ = {isa = PBXFileReference; includeInIndex = 1; lastKnownFileType = text.xcconfig; name = "Pods-24Task-ios.release.xcconfig"; path = "Target Support Files/Pods-24Task-ios/Pods-24Task-ios.release.xcconfig"; sourceTree = "<group>"; };
		818EE92044F0F830A9A7BE68 /* Pods_24Task_ios.framework */ = {isa = PBXFileReference; explicitFileType = wrapper.framework; includeInIndex = 0; path = Pods_24Task_ios.framework; sourceTree = BUILT_PRODUCTS_DIR; };
/* End PBXFileReference section */

/* Begin PBXFrameworksBuildPhase section */
		182FE88D29F5277200AE7635 /* Frameworks */ = {
			isa = PBXFrameworksBuildPhase;
			buildActionMask = 2147483647;
			files = (
				B7EEEFF26E7F4F1C73308F85 /* Pods_24Task_ios.framework in Frameworks */,
			);
			runOnlyForDeploymentPostprocessing = 0;
		};
/* End PBXFrameworksBuildPhase section */

/* Begin PBXGroup section */
		18126BA429F59B7900EA63FA /* Services */ = {
			isa = PBXGroup;
			children = (
				18126BAB29F59BF500EA63FA /* Requests */,
				18126BA829F59BD000EA63FA /* Error */,
				18126BA929F59BEE00EA63FA /* NetworkService.swift */,
			);
			path = Services;
			sourceTree = "<group>";
		};
		18126BA529F59B8C00EA63FA /* Base.lproj */ = {
			isa = PBXGroup;
			children = (
				182FE89E29F5277300AE7635 /* LaunchScreen.storyboard */,
				182FE89529F5277200AE7635 /* SceneDelegate.swift */,
				182FE8A129F5277300AE7635 /* Info.plist */,
				182FE89C29F5277300AE7635 /* Assets.xcassets */,
				182FE89929F5277200AE7635 /* Main.storyboard */,
				182FE89329F5277200AE7635 /* AppDelegate.swift */,
			);
			name = Base.lproj;
			sourceTree = "<group>";
		};
		18126BA829F59BD000EA63FA /* Error */ = {
			isa = PBXGroup;
			children = (
				18126BAC29F59C2700EA63FA /* APIErrorResponse.swift */,
			);
			path = Error;
			sourceTree = "<group>";
		};
		18126BAB29F59BF500EA63FA /* Requests */ = {
			isa = PBXGroup;
			children = (
				18126BAE29F59C3900EA63FA /* NetworkRequest.swift */,
			);
			path = Requests;
			sourceTree = "<group>";
		};
		182FE88729F5277200AE7635 = {
			isa = PBXGroup;
			children = (
				182FE89229F5277200AE7635 /* 24Task-ios */,
				182FE89129F5277200AE7635 /* Products */,
				EB0E5FDF6190AD99C4DEAF90 /* Pods */,
				9D5E38A665B985EBD83AE821 /* Frameworks */,
			);
			sourceTree = "<group>";
		};
		182FE89129F5277200AE7635 /* Products */ = {
			isa = PBXGroup;
			children = (
				182FE89029F5277200AE7635 /* 24Task-ios.app */,
			);
			name = Products;
			sourceTree = "<group>";
		};
		182FE89229F5277200AE7635 /* 24Task-ios */ = {
			isa = PBXGroup;
			children = (
				18964ABF29F6DD9200F8223C /* Models */,
				18126BA529F59B8C00EA63FA /* Base.lproj */,
				18126BA429F59B7900EA63FA /* Services */,
				182FE8A929F53AD700AE7635 /* Views Controller */,
			);
			path = "24Task-ios";
			sourceTree = "<group>";
		};
		182FE8A929F53AD700AE7635 /* Views Controller */ = {
			isa = PBXGroup;
			children = (
				182FE89729F5277200AE7635 /* LoginSignupViewController.swift */,
				18126BB229F5A23700EA63FA /* HomeViewController.swift */,
			);
			path = "Views Controller";
			sourceTree = "<group>";
		};
		18964ABF29F6DD9200F8223C /* Models */ = {
			isa = PBXGroup;
			children = (
				18964AC029F6DDA300F8223C /* LoginModel.swift */,
			);
			path = Models;
			sourceTree = "<group>";
		};
		9D5E38A665B985EBD83AE821 /* Frameworks */ = {
			isa = PBXGroup;
			children = (
				818EE92044F0F830A9A7BE68 /* Pods_24Task_ios.framework */,
			);
			name = Frameworks;
			sourceTree = "<group>";
		};
		EB0E5FDF6190AD99C4DEAF90 /* Pods */ = {
			isa = PBXGroup;
			children = (
				33EBAEF3284FCE6556052679 /* Pods-24Task-ios.debug.xcconfig */,
				634778BCA6198A92D87F4DCD /* Pods-24Task-ios.release.xcconfig */,
			);
			path = Pods;
			sourceTree = "<group>";
		};
/* End PBXGroup section */

/* Begin PBXNativeTarget section */
		182FE88F29F5277200AE7635 /* 24Task-ios */ = {
			isa = PBXNativeTarget;
			buildConfigurationList = 182FE8A429F5277300AE7635 /* Build configuration list for PBXNativeTarget "24Task-ios" */;
			buildPhases = (
				9988F3F55FC077237D95EA2D /* [CP] Check Pods Manifest.lock */,
				182FE88C29F5277200AE7635 /* Sources */,
				182FE88D29F5277200AE7635 /* Frameworks */,
				182FE88E29F5277200AE7635 /* Resources */,
				BE71F4A05B3460A70E1EC327 /* [CP] Embed Pods Frameworks */,
			);
			buildRules = (
			);
			dependencies = (
			);
			name = "24Task-ios";
			productName = "24Task-ios";
			productReference = 182FE89029F5277200AE7635 /* 24Task-ios.app */;
			productType = "com.apple.product-type.application";
		};
/* End PBXNativeTarget section */

/* Begin PBXProject section */
		182FE88829F5277200AE7635 /* Project object */ = {
			isa = PBXProject;
			attributes = {
				BuildIndependentTargetsInParallel = 1;
				LastSwiftUpdateCheck = 1410;
				LastUpgradeCheck = 1410;
				TargetAttributes = {
					182FE88F29F5277200AE7635 = {
						CreatedOnToolsVersion = 14.1;
					};
				};
			};
			buildConfigurationList = 182FE88B29F5277200AE7635 /* Build configuration list for PBXProject "24Task-ios" */;
			compatibilityVersion = "Xcode 14.0";
			developmentRegion = en;
			hasScannedForEncodings = 0;
			knownRegions = (
				en,
				Base,
			);
			mainGroup = 182FE88729F5277200AE7635;
			productRefGroup = 182FE89129F5277200AE7635 /* Products */;
			projectDirPath = "";
			projectRoot = "";
			targets = (
				182FE88F29F5277200AE7635 /* 24Task-ios */,
			);
		};
/* End PBXProject section */

/* Begin PBXResourcesBuildPhase section */
		182FE88E29F5277200AE7635 /* Resources */ = {
			isa = PBXResourcesBuildPhase;
			buildActionMask = 2147483647;
			files = (
				182FE8A029F5277300AE7635 /* LaunchScreen.storyboard in Resources */,
				182FE89D29F5277300AE7635 /* Assets.xcassets in Resources */,
				182FE89B29F5277200AE7635 /* Main.storyboard in Resources */,
			);
			runOnlyForDeploymentPostprocessing = 0;
		};
/* End PBXResourcesBuildPhase section */

/* Begin PBXShellScriptBuildPhase section */
		9988F3F55FC077237D95EA2D /* [CP] Check Pods Manifest.lock */ = {
			isa = PBXShellScriptBuildPhase;
			buildActionMask = 2147483647;
			files = (
			);
			inputFileListPaths = (
			);
			inputPaths = (
				"${PODS_PODFILE_DIR_PATH}/Podfile.lock",
				"${PODS_ROOT}/Manifest.lock",
			);
			name = "[CP] Check Pods Manifest.lock";
			outputFileListPaths = (
			);
			outputPaths = (
				"$(DERIVED_FILE_DIR)/Pods-24Task-ios-checkManifestLockResult.txt",
			);
			runOnlyForDeploymentPostprocessing = 0;
			shellPath = /bin/sh;
			shellScript = "diff \"${PODS_PODFILE_DIR_PATH}/Podfile.lock\" \"${PODS_ROOT}/Manifest.lock\" > /dev/null\nif [ $? != 0 ] ; then\n    # print error to STDERR\n    echo \"error: The sandbox is not in sync with the Podfile.lock. Run 'pod install' or update your CocoaPods installation.\" >&2\n    exit 1\nfi\n# This output is used by Xcode 'outputs' to avoid re-running this script phase.\necho \"SUCCESS\" > \"${SCRIPT_OUTPUT_FILE_0}\"\n";
			showEnvVarsInLog = 0;
		};
		BE71F4A05B3460A70E1EC327 /* [CP] Embed Pods Frameworks */ = {
			isa = PBXShellScriptBuildPhase;
			buildActionMask = 2147483647;
			files = (
			);
			inputFileListPaths = (
				"${PODS_ROOT}/Target Support Files/Pods-24Task-ios/Pods-24Task-ios-frameworks-${CONFIGURATION}-input-files.xcfilelist",
			);
			name = "[CP] Embed Pods Frameworks";
			outputFileListPaths = (
				"${PODS_ROOT}/Target Support Files/Pods-24Task-ios/Pods-24Task-ios-frameworks-${CONFIGURATION}-output-files.xcfilelist",
			);
			runOnlyForDeploymentPostprocessing = 0;
			shellPath = /bin/sh;
			shellScript = "\"${PODS_ROOT}/Target Support Files/Pods-24Task-ios/Pods-24Task-ios-frameworks.sh\"\n";
			showEnvVarsInLog = 0;
		};
/* End PBXShellScriptBuildPhase section */

/* Begin PBXSourcesBuildPhase section */
		182FE88C29F5277200AE7635 /* Sources */ = {
			isa = PBXSourcesBuildPhase;
			buildActionMask = 2147483647;
			files = (
				18126BB029F59C3900EA63FA /* NetworkRequest.swift in Sources */,
				18126BAA29F59BEE00EA63FA /* NetworkService.swift in Sources */,
				182FE89829F5277200AE7635 /* LoginSignupViewController.swift in Sources */,
				18126BAD29F59C2700EA63FA /* APIErrorResponse.swift in Sources */,
				182FE89429F5277200AE7635 /* AppDelegate.swift in Sources */,
				18964AC129F6DDA300F8223C /* LoginModel.swift in Sources */,
				18126BB329F5A23700EA63FA /* HomeViewController.swift in Sources */,
				182FE89629F5277200AE7635 /* SceneDelegate.swift in Sources */,
			);
			runOnlyForDeploymentPostprocessing = 0;
		};
/* End PBXSourcesBuildPhase section */

/* Begin PBXVariantGroup section */
		182FE89929F5277200AE7635 /* Main.storyboard */ = {
			isa = PBXVariantGroup;
			children = (
				182FE89A29F5277200AE7635 /* Base */,
			);
			name = Main.storyboard;
			sourceTree = "<group>";
		};
		182FE89E29F5277300AE7635 /* LaunchScreen.storyboard */ = {
			isa = PBXVariantGroup;
			children = (
				182FE89F29F5277300AE7635 /* Base */,
			);
			name = LaunchScreen.storyboard;
			sourceTree = "<group>";
		};
/* End PBXVariantGroup section */

/* Begin XCBuildConfiguration section */
		182FE8A229F5277300AE7635 /* Debug */ = {
			isa = XCBuildConfiguration;
			buildSettings = {
				ALWAYS_SEARCH_USER_PATHS = NO;
				CLANG_ANALYZER_NONNULL = YES;
				CLANG_ANALYZER_NUMBER_OBJECT_CONVERSION = YES_AGGRESSIVE;
				CLANG_CXX_LANGUAGE_STANDARD = "gnu++20";
				CLANG_ENABLE_MODULES = YES;
				CLANG_ENABLE_OBJC_ARC = YES;
				CLANG_ENABLE_OBJC_WEAK = YES;
				CLANG_WARN_BLOCK_CAPTURE_AUTORELEASING = YES;
				CLANG_WARN_BOOL_CONVERSION = YES;
				CLANG_WARN_COMMA = YES;
				CLANG_WARN_CONSTANT_CONVERSION = YES;
				CLANG_WARN_DEPRECATED_OBJC_IMPLEMENTATIONS = YES;
				CLANG_WARN_DIRECT_OBJC_ISA_USAGE = YES_ERROR;
				CLANG_WARN_DOCUMENTATION_COMMENTS = YES;
				CLANG_WARN_EMPTY_BODY = YES;
				CLANG_WARN_ENUM_CONVERSION = YES;
				CLANG_WARN_INFINITE_RECURSION = YES;
				CLANG_WARN_INT_CONVERSION = YES;
				CLANG_WARN_NON_LITERAL_NULL_CONVERSION = YES;
				CLANG_WARN_OBJC_IMPLICIT_RETAIN_SELF = YES;
				CLANG_WARN_OBJC_LITERAL_CONVERSION = YES;
				CLANG_WARN_OBJC_ROOT_CLASS = YES_ERROR;
				CLANG_WARN_QUOTED_INCLUDE_IN_FRAMEWORK_HEADER = YES;
				CLANG_WARN_RANGE_LOOP_ANALYSIS = YES;
				CLANG_WARN_STRICT_PROTOTYPES = YES;
				CLANG_WARN_SUSPICIOUS_MOVE = YES;
				CLANG_WARN_UNGUARDED_AVAILABILITY = YES_AGGRESSIVE;
				CLANG_WARN_UNREACHABLE_CODE = YES;
				CLANG_WARN__DUPLICATE_METHOD_MATCH = YES;
				COPY_PHASE_STRIP = NO;
				DEBUG_INFORMATION_FORMAT = dwarf;
				ENABLE_STRICT_OBJC_MSGSEND = YES;
				ENABLE_TESTABILITY = YES;
				GCC_C_LANGUAGE_STANDARD = gnu11;
				GCC_DYNAMIC_NO_PIC = NO;
				GCC_NO_COMMON_BLOCKS = YES;
				GCC_OPTIMIZATION_LEVEL = 0;
				GCC_PREPROCESSOR_DEFINITIONS = (
					"DEBUG=1",
					"$(inherited)",
				);
				GCC_WARN_64_TO_32_BIT_CONVERSION = YES;
				GCC_WARN_ABOUT_RETURN_TYPE = YES_ERROR;
				GCC_WARN_UNDECLARED_SELECTOR = YES;
				GCC_WARN_UNINITIALIZED_AUTOS = YES_AGGRESSIVE;
				GCC_WARN_UNUSED_FUNCTION = YES;
				GCC_WARN_UNUSED_VARIABLE = YES;
				IPHONEOS_DEPLOYMENT_TARGET = 16.1;
				MTL_ENABLE_DEBUG_INFO = INCLUDE_SOURCE;
				MTL_FAST_MATH = YES;
				ONLY_ACTIVE_ARCH = YES;
				SDKROOT = iphoneos;
				SWIFT_ACTIVE_COMPILATION_CONDITIONS = DEBUG;
				SWIFT_OPTIMIZATION_LEVEL = "-Onone";
			};
			name = Debug;
		};
		182FE8A329F5277300AE7635 /* Release */ = {
			isa = XCBuildConfiguration;
			buildSettings = {
				ALWAYS_SEARCH_USER_PATHS = NO;
				CLANG_ANALYZER_NONNULL = YES;
				CLANG_ANALYZER_NUMBER_OBJECT_CONVERSION = YES_AGGRESSIVE;
				CLANG_CXX_LANGUAGE_STANDARD = "gnu++20";
				CLANG_ENABLE_MODULES = YES;
				CLANG_ENABLE_OBJC_ARC = YES;
				CLANG_ENABLE_OBJC_WEAK = YES;
				CLANG_WARN_BLOCK_CAPTURE_AUTORELEASING = YES;
				CLANG_WARN_BOOL_CONVERSION = YES;
				CLANG_WARN_COMMA = YES;
				CLANG_WARN_CONSTANT_CONVERSION = YES;
				CLANG_WARN_DEPRECATED_OBJC_IMPLEMENTATIONS = YES;
				CLANG_WARN_DIRECT_OBJC_ISA_USAGE = YES_ERROR;
				CLANG_WARN_DOCUMENTATION_COMMENTS = YES;
				CLANG_WARN_EMPTY_BODY = YES;
				CLANG_WARN_ENUM_CONVERSION = YES;
				CLANG_WARN_INFINITE_RECURSION = YES;
				CLANG_WARN_INT_CONVERSION = YES;
				CLANG_WARN_NON_LITERAL_NULL_CONVERSION = YES;
				CLANG_WARN_OBJC_IMPLICIT_RETAIN_SELF = YES;
				CLANG_WARN_OBJC_LITERAL_CONVERSION = YES;
				CLANG_WARN_OBJC_ROOT_CLASS = YES_ERROR;
				CLANG_WARN_QUOTED_INCLUDE_IN_FRAMEWORK_HEADER = YES;
				CLANG_WARN_RANGE_LOOP_ANALYSIS = YES;
				CLANG_WARN_STRICT_PROTOTYPES = YES;
				CLANG_WARN_SUSPICIOUS_MOVE = YES;
				CLANG_WARN_UNGUARDED_AVAILABILITY = YES_AGGRESSIVE;
				CLANG_WARN_UNREACHABLE_CODE = YES;
				CLANG_WARN__DUPLICATE_METHOD_MATCH = YES;
				COPY_PHASE_STRIP = NO;
				DEBUG_INFORMATION_FORMAT = "dwarf-with-dsym";
				ENABLE_NS_ASSERTIONS = NO;
				ENABLE_STRICT_OBJC_MSGSEND = YES;
				GCC_C_LANGUAGE_STANDARD = gnu11;
				GCC_NO_COMMON_BLOCKS = YES;
				GCC_WARN_64_TO_32_BIT_CONVERSION = YES;
				GCC_WARN_ABOUT_RETURN_TYPE = YES_ERROR;
				GCC_WARN_UNDECLARED_SELECTOR = YES;
				GCC_WARN_UNINITIALIZED_AUTOS = YES_AGGRESSIVE;
				GCC_WARN_UNUSED_FUNCTION = YES;
				GCC_WARN_UNUSED_VARIABLE = YES;
				IPHONEOS_DEPLOYMENT_TARGET = 16.1;
				MTL_ENABLE_DEBUG_INFO = NO;
				MTL_FAST_MATH = YES;
				SDKROOT = iphoneos;
				SWIFT_COMPILATION_MODE = wholemodule;
				SWIFT_OPTIMIZATION_LEVEL = "-O";
				VALIDATE_PRODUCT = YES;
			};
			name = Release;
		};
		182FE8A529F5277300AE7635 /* Debug */ = {
			isa = XCBuildConfiguration;
			baseConfigurationReference = 33EBAEF3284FCE6556052679 /* Pods-24Task-ios.debug.xcconfig */;
			buildSettings = {
				ASSETCATALOG_COMPILER_APPICON_NAME = AppIcon;
				ASSETCATALOG_COMPILER_GLOBAL_ACCENT_COLOR_NAME = AccentColor;
				CODE_SIGN_STYLE = Automatic;
				CURRENT_PROJECT_VERSION = 1;
				GENERATE_INFOPLIST_FILE = YES;
				INFOPLIST_FILE = "24Task-ios/Info.plist";
				INFOPLIST_KEY_UIApplicationSupportsIndirectInputEvents = YES;
				INFOPLIST_KEY_UILaunchStoryboardName = LaunchScreen;
				INFOPLIST_KEY_UIMainStoryboardFile = Main;
				INFOPLIST_KEY_UISupportedInterfaceOrientations_iPad = "UIInterfaceOrientationPortrait UIInterfaceOrientationPortraitUpsideDown UIInterfaceOrientationLandscapeLeft UIInterfaceOrientationLandscapeRight";
				INFOPLIST_KEY_UISupportedInterfaceOrientations_iPhone = "UIInterfaceOrientationPortrait UIInterfaceOrientationLandscapeLeft UIInterfaceOrientationLandscapeRight";
				IPHONEOS_DEPLOYMENT_TARGET = 15.0;
				LD_RUNPATH_SEARCH_PATHS = (
					"$(inherited)",
					"@executable_path/Frameworks",
				);
				MARKETING_VERSION = 1.0;
				PRODUCT_BUNDLE_IDENTIFIER = "onkar.-4Task-ios";
				PRODUCT_NAME = "$(TARGET_NAME)";
				SWIFT_EMIT_LOC_STRINGS = YES;
				SWIFT_VERSION = 5.0;
				TARGETED_DEVICE_FAMILY = "1,2";
			};
			name = Debug;
		};
		182FE8A629F5277300AE7635 /* Release */ = {
			isa = XCBuildConfiguration;
			baseConfigurationReference = 634778BCA6198A92D87F4DCD /* Pods-24Task-ios.release.xcconfig */;
			buildSettings = {
				ASSETCATALOG_COMPILER_APPICON_NAME = AppIcon;
				ASSETCATALOG_COMPILER_GLOBAL_ACCENT_COLOR_NAME = AccentColor;
				CODE_SIGN_STYLE = Automatic;
				CURRENT_PROJECT_VERSION = 1;
				GENERATE_INFOPLIST_FILE = YES;
				INFOPLIST_FILE = "24Task-ios/Info.plist";
				INFOPLIST_KEY_UIApplicationSupportsIndirectInputEvents = YES;
				INFOPLIST_KEY_UILaunchStoryboardName = LaunchScreen;
				INFOPLIST_KEY_UIMainStoryboardFile = Main;
				INFOPLIST_KEY_UISupportedInterfaceOrientations_iPad = "UIInterfaceOrientationPortrait UIInterfaceOrientationPortraitUpsideDown UIInterfaceOrientationLandscapeLeft UIInterfaceOrientationLandscapeRight";
				INFOPLIST_KEY_UISupportedInterfaceOrientations_iPhone = "UIInterfaceOrientationPortrait UIInterfaceOrientationLandscapeLeft UIInterfaceOrientationLandscapeRight";
				IPHONEOS_DEPLOYMENT_TARGET = 15.0;
				LD_RUNPATH_SEARCH_PATHS = (
					"$(inherited)",
					"@executable_path/Frameworks",
				);
				MARKETING_VERSION = 1.0;
				PRODUCT_BUNDLE_IDENTIFIER = "onkar.-4Task-ios";
				PRODUCT_NAME = "$(TARGET_NAME)";
				SWIFT_EMIT_LOC_STRINGS = YES;
				SWIFT_VERSION = 5.0;
				TARGETED_DEVICE_FAMILY = "1,2";
			};
			name = Release;
		};
/* End XCBuildConfiguration section */

/* Begin XCConfigurationList section */
		182FE88B29F5277200AE7635 /* Build configuration list for PBXProject "24Task-ios" */ = {
			isa = XCConfigurationList;
			buildConfigurations = (
				182FE8A229F5277300AE7635 /* Debug */,
				182FE8A329F5277300AE7635 /* Release */,
			);
			defaultConfigurationIsVisible = 0;
			defaultConfigurationName = Release;
		};
		182FE8A429F5277300AE7635 /* Build configuration list for PBXNativeTarget "24Task-ios" */ = {
			isa = XCConfigurationList;
			buildConfigurations = (
				182FE8A529F5277300AE7635 /* Debug */,
				182FE8A629F5277300AE7635 /* Release */,
			);
			defaultConfigurationIsVisible = 0;
			defaultConfigurationName = Release;
		};
/* End XCConfigurationList section */
	};
	rootObject = 182FE88829F5277200AE7635 /* Project object */;
}
